// !$*UTF8*$!
{
	archiveVersion = 1;
	classes = {
	};
	objectVersion = 56;
	objects = {

/* Begin PBXBuildFile section */
		781FA4B0574153BBF7248EC6 /* Pods_Hotel_test.framework in Frameworks */ = {isa = PBXBuildFile; fileRef = 24BFD944F95BC72DE43E1480 /* Pods_Hotel_test.framework */; };
		7F9CF9AB2B2F73C0005A4833 /* HotelTestApp.swift in Sources */ = {isa = PBXBuildFile; fileRef = 7F9CF9AA2B2F73C0005A4833 /* HotelTestApp.swift */; };
		7F9CF9AD2B2F73C0005A4833 /* ContentView.swift in Sources */ = {isa = PBXBuildFile; fileRef = 7F9CF9AC2B2F73C0005A4833 /* ContentView.swift */; };
		7F9CF9AF2B2F73C2005A4833 /* Colors.xcassets in Resources */ = {isa = PBXBuildFile; fileRef = 7F9CF9AE2B2F73C2005A4833 /* Colors.xcassets */; };
		7F9CF9B22B2F73C2005A4833 /* Preview Assets.xcassets in Resources */ = {isa = PBXBuildFile; fileRef = 7F9CF9B12B2F73C2005A4833 /* Preview Assets.xcassets */; };
		7F9CF9BA2B2F79DF005A4833 /* Font_ext..swift in Sources */ = {isa = PBXBuildFile; fileRef = 7F9CF9B92B2F79DF005A4833 /* Font_ext..swift */; };
		7F9CF9BD2B2F813B005A4833 /* ResultOrderView.swift in Sources */ = {isa = PBXBuildFile; fileRef = 7F9CF9BC2B2F813B005A4833 /* ResultOrderView.swift */; };
		7F9CF9C32B302B86005A4833 /* ResultOrderViewModel.swift in Sources */ = {isa = PBXBuildFile; fileRef = 7F9CF9C22B302B86005A4833 /* ResultOrderViewModel.swift */; };
		7F9CF9C62B3054AA005A4833 /* BookingView.swift in Sources */ = {isa = PBXBuildFile; fileRef = 7F9CF9C52B3054AA005A4833 /* BookingView.swift */; };
		7F9CF9C82B305A52005A4833 /* RatingView.swift in Sources */ = {isa = PBXBuildFile; fileRef = 7F9CF9C72B305A52005A4833 /* RatingView.swift */; };
		7F9CF9CC2B30B159005A4833 /* TouristView.swift in Sources */ = {isa = PBXBuildFile; fileRef = 7F9CF9CB2B30B159005A4833 /* TouristView.swift */; };
		7F9CF9CE2B31758F005A4833 /* TextFieldModify.swift in Sources */ = {isa = PBXBuildFile; fileRef = 7F9CF9CD2B31758F005A4833 /* TextFieldModify.swift */; };
		7F9CF9D22B317863005A4833 /* ViewModify.swift in Sources */ = {isa = PBXBuildFile; fileRef = 7F9CF9D12B317863005A4833 /* ViewModify.swift */; };
		7F9CF9D42B318AE6005A4833 /* ButtonView.swift in Sources */ = {isa = PBXBuildFile; fileRef = 7F9CF9D32B318AE6005A4833 /* ButtonView.swift */; };
		7F9CF9D82B318FEB005A4833 /* HotelViewModel.swift in Sources */ = {isa = PBXBuildFile; fileRef = 7F9CF9D72B318FEB005A4833 /* HotelViewModel.swift */; };
		7F9CF9DA2B31903F005A4833 /* HotelModel.swift in Sources */ = {isa = PBXBuildFile; fileRef = 7F9CF9D92B31903F005A4833 /* HotelModel.swift */; };
		7F9CF9DE2B319286005A4833 /* Icons.xcassets in Resources */ = {isa = PBXBuildFile; fileRef = 7F9CF9DD2B319286005A4833 /* Icons.xcassets */; };
		7F9CF9E02B3192B4005A4833 /* Images.xcassets in Resources */ = {isa = PBXBuildFile; fileRef = 7F9CF9DF2B3192B4005A4833 /* Images.xcassets */; };
		7FBCD3822B31D4A000C0D6B2 /* XCAssets+Generated.swift in Sources */ = {isa = PBXBuildFile; fileRef = 7FBCD3802B31D4A000C0D6B2 /* XCAssets+Generated.swift */; };
		7FBCD3832B31D4A000C0D6B2 /* Strings+Generated.swift in Sources */ = {isa = PBXBuildFile; fileRef = 7FBCD3812B31D4A000C0D6B2 /* Strings+Generated.swift */; };
		7FBCD3852B31F8F000C0D6B2 /* HotelView.swift in Sources */ = {isa = PBXBuildFile; fileRef = 7FBCD3842B31F8F000C0D6B2 /* HotelView.swift */; };
		7FBCD3872B31FC4E00C0D6B2 /* Foundation_ext..swift in Sources */ = {isa = PBXBuildFile; fileRef = 7FBCD3862B31FC4E00C0D6B2 /* Foundation_ext..swift */; };
		7FBCD3892B32255A00C0D6B2 /* TagsView.swift in Sources */ = {isa = PBXBuildFile; fileRef = 7FBCD3882B32255A00C0D6B2 /* TagsView.swift */; };
		7FBCD38B2B3329E700C0D6B2 /* TouristModel.swift in Sources */ = {isa = PBXBuildFile; fileRef = 7FBCD38A2B3329E700C0D6B2 /* TouristModel.swift */; };
		7FBCD38D2B334F8B00C0D6B2 /* BookingViewModel.swift in Sources */ = {isa = PBXBuildFile; fileRef = 7FBCD38C2B334F8B00C0D6B2 /* BookingViewModel.swift */; };
		7FBCD38F2B33501B00C0D6B2 /* BookingModel.swift in Sources */ = {isa = PBXBuildFile; fileRef = 7FBCD38E2B33501B00C0D6B2 /* BookingModel.swift */; };
		7FBCD3912B33504600C0D6B2 /* ApartmentModel.swift in Sources */ = {isa = PBXBuildFile; fileRef = 7FBCD3902B33504600C0D6B2 /* ApartmentModel.swift */; };
		7FBCD3992B34224C00C0D6B2 /* ApartmentsView.swift in Sources */ = {isa = PBXBuildFile; fileRef = 7FBCD3982B34224C00C0D6B2 /* ApartmentsView.swift */; };
		7FBCD39B2B34226200C0D6B2 /* ApartmentsViewModel.swift in Sources */ = {isa = PBXBuildFile; fileRef = 7FBCD39A2B34226200C0D6B2 /* ApartmentsViewModel.swift */; };
		7FBCD39E2B34228600C0D6B2 /* ApartmentViewModel.swift in Sources */ = {isa = PBXBuildFile; fileRef = 7FBCD39D2B34228600C0D6B2 /* ApartmentViewModel.swift */; };
		7FBCD3A02B34229C00C0D6B2 /* ApartmentView.swift in Sources */ = {isa = PBXBuildFile; fileRef = 7FBCD39F2B34229C00C0D6B2 /* ApartmentView.swift */; };
		7FBCD3A22B344E8A00C0D6B2 /* NavigationTitle.swift in Sources */ = {isa = PBXBuildFile; fileRef = 7FBCD3A12B344E8A00C0D6B2 /* NavigationTitle.swift */; };
		7FBCD3A52B34535300C0D6B2 /* NetworkClient.swift in Sources */ = {isa = PBXBuildFile; fileRef = 7FBCD3A42B34535300C0D6B2 /* NetworkClient.swift */; };
		7FBCD3A72B34537000C0D6B2 /* HotelService.swift in Sources */ = {isa = PBXBuildFile; fileRef = 7FBCD3A62B34537000C0D6B2 /* HotelService.swift */; };
		7FBCD3A92B34538400C0D6B2 /* ApartmentService.swift in Sources */ = {isa = PBXBuildFile; fileRef = 7FBCD3A82B34538400C0D6B2 /* ApartmentService.swift */; };
		7FBCD3AB2B34539F00C0D6B2 /* BookingService.swift in Sources */ = {isa = PBXBuildFile; fileRef = 7FBCD3AA2B34539F00C0D6B2 /* BookingService.swift */; };
		7FFA9E962B31BD550055E253 /* swiftgen.yml in Resources */ = {isa = PBXBuildFile; fileRef = 7FFA9E952B31BD550055E253 /* swiftgen.yml */; };
		7FFA9E9C2B31CD6F0055E253 /* Localizable.strings in Resources */ = {isa = PBXBuildFile; fileRef = 7FFA9E9E2B31CD6F0055E253 /* Localizable.strings */; };
/* End PBXBuildFile section */

/* Begin PBXFileReference section */
		24BFD944F95BC72DE43E1480 /* Pods_Hotel_test.framework */ = {isa = PBXFileReference; explicitFileType = wrapper.framework; includeInIndex = 0; path = Pods_Hotel_test.framework; sourceTree = BUILT_PRODUCTS_DIR; };
		55DB0314DB124131BFFA23E9 /* Pods-Hotel_test.release.xcconfig */ = {isa = PBXFileReference; includeInIndex = 1; lastKnownFileType = text.xcconfig; name = "Pods-Hotel_test.release.xcconfig"; path = "Target Support Files/Pods-Hotel_test/Pods-Hotel_test.release.xcconfig"; sourceTree = "<group>"; };
		7F9CF9A72B2F73C0005A4833 /* Hotel_test.app */ = {isa = PBXFileReference; explicitFileType = wrapper.application; includeInIndex = 0; path = Hotel_test.app; sourceTree = BUILT_PRODUCTS_DIR; };
		7F9CF9AA2B2F73C0005A4833 /* HotelTestApp.swift */ = {isa = PBXFileReference; lastKnownFileType = sourcecode.swift; path = HotelTestApp.swift; sourceTree = "<group>"; };
		7F9CF9AC2B2F73C0005A4833 /* ContentView.swift */ = {isa = PBXFileReference; lastKnownFileType = sourcecode.swift; path = ContentView.swift; sourceTree = "<group>"; };
		7F9CF9AE2B2F73C2005A4833 /* Colors.xcassets */ = {isa = PBXFileReference; lastKnownFileType = folder.assetcatalog; path = Colors.xcassets; sourceTree = "<group>"; };
		7F9CF9B12B2F73C2005A4833 /* Preview Assets.xcassets */ = {isa = PBXFileReference; lastKnownFileType = folder.assetcatalog; path = "Preview Assets.xcassets"; sourceTree = "<group>"; };
		7F9CF9B92B2F79DF005A4833 /* Font_ext..swift */ = {isa = PBXFileReference; lastKnownFileType = sourcecode.swift; path = Font_ext..swift; sourceTree = "<group>"; };
		7F9CF9BC2B2F813B005A4833 /* ResultOrderView.swift */ = {isa = PBXFileReference; lastKnownFileType = sourcecode.swift; path = ResultOrderView.swift; sourceTree = "<group>"; };
		7F9CF9C22B302B86005A4833 /* ResultOrderViewModel.swift */ = {isa = PBXFileReference; lastKnownFileType = sourcecode.swift; path = ResultOrderViewModel.swift; sourceTree = "<group>"; };
		7F9CF9C52B3054AA005A4833 /* BookingView.swift */ = {isa = PBXFileReference; lastKnownFileType = sourcecode.swift; path = BookingView.swift; sourceTree = "<group>"; };
		7F9CF9C72B305A52005A4833 /* RatingView.swift */ = {isa = PBXFileReference; lastKnownFileType = sourcecode.swift; path = RatingView.swift; sourceTree = "<group>"; };
		7F9CF9CB2B30B159005A4833 /* TouristView.swift */ = {isa = PBXFileReference; lastKnownFileType = sourcecode.swift; path = TouristView.swift; sourceTree = "<group>"; };
		7F9CF9CD2B31758F005A4833 /* TextFieldModify.swift */ = {isa = PBXFileReference; lastKnownFileType = sourcecode.swift; path = TextFieldModify.swift; sourceTree = "<group>"; };
		7F9CF9D12B317863005A4833 /* ViewModify.swift */ = {isa = PBXFileReference; lastKnownFileType = sourcecode.swift; path = ViewModify.swift; sourceTree = "<group>"; };
		7F9CF9D32B318AE6005A4833 /* ButtonView.swift */ = {isa = PBXFileReference; lastKnownFileType = sourcecode.swift; path = ButtonView.swift; sourceTree = "<group>"; };
		7F9CF9D72B318FEB005A4833 /* HotelViewModel.swift */ = {isa = PBXFileReference; lastKnownFileType = sourcecode.swift; path = HotelViewModel.swift; sourceTree = "<group>"; };
		7F9CF9D92B31903F005A4833 /* HotelModel.swift */ = {isa = PBXFileReference; lastKnownFileType = sourcecode.swift; path = HotelModel.swift; sourceTree = "<group>"; };
		7F9CF9DD2B319286005A4833 /* Icons.xcassets */ = {isa = PBXFileReference; lastKnownFileType = folder.assetcatalog; path = Icons.xcassets; sourceTree = "<group>"; };
		7F9CF9DF2B3192B4005A4833 /* Images.xcassets */ = {isa = PBXFileReference; lastKnownFileType = folder.assetcatalog; path = Images.xcassets; sourceTree = "<group>"; };
		7FBCD3802B31D4A000C0D6B2 /* XCAssets+Generated.swift */ = {isa = PBXFileReference; fileEncoding = 4; lastKnownFileType = sourcecode.swift; path = "XCAssets+Generated.swift"; sourceTree = "<group>"; };
		7FBCD3812B31D4A000C0D6B2 /* Strings+Generated.swift */ = {isa = PBXFileReference; fileEncoding = 4; lastKnownFileType = sourcecode.swift; path = "Strings+Generated.swift"; sourceTree = "<group>"; };
		7FBCD3842B31F8F000C0D6B2 /* HotelView.swift */ = {isa = PBXFileReference; lastKnownFileType = sourcecode.swift; path = HotelView.swift; sourceTree = "<group>"; };
		7FBCD3862B31FC4E00C0D6B2 /* Foundation_ext..swift */ = {isa = PBXFileReference; lastKnownFileType = sourcecode.swift; path = Foundation_ext..swift; sourceTree = "<group>"; };
		7FBCD3882B32255A00C0D6B2 /* TagsView.swift */ = {isa = PBXFileReference; lastKnownFileType = sourcecode.swift; path = TagsView.swift; sourceTree = "<group>"; };
		7FBCD38A2B3329E700C0D6B2 /* TouristModel.swift */ = {isa = PBXFileReference; lastKnownFileType = sourcecode.swift; path = TouristModel.swift; sourceTree = "<group>"; };
		7FBCD38C2B334F8B00C0D6B2 /* BookingViewModel.swift */ = {isa = PBXFileReference; lastKnownFileType = sourcecode.swift; path = BookingViewModel.swift; sourceTree = "<group>"; };
		7FBCD38E2B33501B00C0D6B2 /* BookingModel.swift */ = {isa = PBXFileReference; lastKnownFileType = sourcecode.swift; path = BookingModel.swift; sourceTree = "<group>"; };
		7FBCD3902B33504600C0D6B2 /* ApartmentModel.swift */ = {isa = PBXFileReference; lastKnownFileType = sourcecode.swift; path = ApartmentModel.swift; sourceTree = "<group>"; };
		7FBCD3952B336D1600C0D6B2 /* ru */ = {isa = PBXFileReference; lastKnownFileType = text.plist.stringsdict; name = ru; path = ru.lproj/Localizable.stringsdict; sourceTree = "<group>"; };
		7FBCD3972B33718400C0D6B2 /* en */ = {isa = PBXFileReference; lastKnownFileType = text.plist.stringsdict; name = en; path = en.lproj/Localizable.stringsdict; sourceTree = "<group>"; };
		7FBCD3982B34224C00C0D6B2 /* ApartmentsView.swift */ = {isa = PBXFileReference; lastKnownFileType = sourcecode.swift; path = ApartmentsView.swift; sourceTree = "<group>"; };
		7FBCD39A2B34226200C0D6B2 /* ApartmentsViewModel.swift */ = {isa = PBXFileReference; lastKnownFileType = sourcecode.swift; path = ApartmentsViewModel.swift; sourceTree = "<group>"; };
		7FBCD39D2B34228600C0D6B2 /* ApartmentViewModel.swift */ = {isa = PBXFileReference; lastKnownFileType = sourcecode.swift; path = ApartmentViewModel.swift; sourceTree = "<group>"; };
		7FBCD39F2B34229C00C0D6B2 /* ApartmentView.swift */ = {isa = PBXFileReference; lastKnownFileType = sourcecode.swift; path = ApartmentView.swift; sourceTree = "<group>"; };
		7FBCD3A12B344E8A00C0D6B2 /* NavigationTitle.swift */ = {isa = PBXFileReference; lastKnownFileType = sourcecode.swift; path = NavigationTitle.swift; sourceTree = "<group>"; };
		7FBCD3A42B34535300C0D6B2 /* NetworkClient.swift */ = {isa = PBXFileReference; lastKnownFileType = sourcecode.swift; path = NetworkClient.swift; sourceTree = "<group>"; };
		7FBCD3A62B34537000C0D6B2 /* HotelService.swift */ = {isa = PBXFileReference; lastKnownFileType = sourcecode.swift; path = HotelService.swift; sourceTree = "<group>"; };
		7FBCD3A82B34538400C0D6B2 /* ApartmentService.swift */ = {isa = PBXFileReference; lastKnownFileType = sourcecode.swift; path = ApartmentService.swift; sourceTree = "<group>"; };
		7FBCD3AA2B34539F00C0D6B2 /* BookingService.swift */ = {isa = PBXFileReference; lastKnownFileType = sourcecode.swift; path = BookingService.swift; sourceTree = "<group>"; };
		7FFA9E952B31BD550055E253 /* swiftgen.yml */ = {isa = PBXFileReference; fileEncoding = 4; lastKnownFileType = text.yaml; path = swiftgen.yml; sourceTree = "<group>"; };
		7FFA9EA12B31CEC80055E253 /* ru */ = {isa = PBXFileReference; lastKnownFileType = text.plist.strings; name = ru; path = ru.lproj/Localizable.strings; sourceTree = "<group>"; };
		E6F162BC69E9F51F2AAB82E4 /* Pods-Hotel_test.debug.xcconfig */ = {isa = PBXFileReference; includeInIndex = 1; lastKnownFileType = text.xcconfig; name = "Pods-Hotel_test.debug.xcconfig"; path = "Target Support Files/Pods-Hotel_test/Pods-Hotel_test.debug.xcconfig"; sourceTree = "<group>"; };
/* End PBXFileReference section */

/* Begin PBXFrameworksBuildPhase section */
		7F9CF9A42B2F73C0005A4833 /* Frameworks */ = {
			isa = PBXFrameworksBuildPhase;
			buildActionMask = 2147483647;
			files = (
				781FA4B0574153BBF7248EC6 /* Pods_Hotel_test.framework in Frameworks */,
			);
			runOnlyForDeploymentPostprocessing = 0;
		};
/* End PBXFrameworksBuildPhase section */

/* Begin PBXGroup section */
		0A4F7EE46EAA9F6448CAB174 /* Pods */ = {
			isa = PBXGroup;
			children = (
				E6F162BC69E9F51F2AAB82E4 /* Pods-Hotel_test.debug.xcconfig */,
				55DB0314DB124131BFFA23E9 /* Pods-Hotel_test.release.xcconfig */,
			);
			path = Pods;
			sourceTree = "<group>";
		};
		7F9CF99E2B2F73C0005A4833 = {
			isa = PBXGroup;
			children = (
				7F9CF9A92B2F73C0005A4833 /* Hotel_test */,
				7F9CF9A82B2F73C0005A4833 /* Products */,
				0A4F7EE46EAA9F6448CAB174 /* Pods */,
				D7F82B378D47343BECBCDBD5 /* Frameworks */,
			);
			sourceTree = "<group>";
		};
		7F9CF9A82B2F73C0005A4833 /* Products */ = {
			isa = PBXGroup;
			children = (
				7F9CF9A72B2F73C0005A4833 /* Hotel_test.app */,
			);
			name = Products;
			sourceTree = "<group>";
		};
		7F9CF9A92B2F73C0005A4833 /* Hotel_test */ = {
			isa = PBXGroup;
			children = (
				7FFA9E952B31BD550055E253 /* swiftgen.yml */,
				7F9CF9AA2B2F73C0005A4833 /* HotelTestApp.swift */,
				7F9CF9CA2B30B118005A4833 /* Model */,
				7F9CF9BB2B2F80FA005A4833 /* Scene */,
				7F9CF9DB2B31919A005A4833 /* Service */,
				7F9CF9DC2B319202005A4833 /* Resources */,
				7F9CF9B82B2F749D005A4833 /* Helpers */,
				7F9CF9B02B2F73C2005A4833 /* Preview Content */,
			);
			path = Hotel_test;
			sourceTree = "<group>";
		};
		7F9CF9B02B2F73C2005A4833 /* Preview Content */ = {
			isa = PBXGroup;
			children = (
				7F9CF9B12B2F73C2005A4833 /* Preview Assets.xcassets */,
			);
			path = "Preview Content";
			sourceTree = "<group>";
		};
		7F9CF9B82B2F749D005A4833 /* Helpers */ = {
			isa = PBXGroup;
			children = (
				7F9CF9B92B2F79DF005A4833 /* Font_ext..swift */,
				7F9CF9C72B305A52005A4833 /* RatingView.swift */,
				7F9CF9CD2B31758F005A4833 /* TextFieldModify.swift */,
				7F9CF9D12B317863005A4833 /* ViewModify.swift */,
				7F9CF9D32B318AE6005A4833 /* ButtonView.swift */,
				7FBCD3A12B344E8A00C0D6B2 /* NavigationTitle.swift */,
				7FBCD3862B31FC4E00C0D6B2 /* Foundation_ext..swift */,
				7FBCD3882B32255A00C0D6B2 /* TagsView.swift */,
			);
			path = Helpers;
			sourceTree = "<group>";
		};
		7F9CF9BB2B2F80FA005A4833 /* Scene */ = {
			isa = PBXGroup;
			children = (
				7F9CF9AC2B2F73C0005A4833 /* ContentView.swift */,
				7F9CF9D52B318D62005A4833 /* Hotel */,
				7F9CF9D62B318D70005A4833 /* Apartments */,
				7F9CF9C92B306C48005A4833 /* Booking */,
				7F9CF9C42B302D10005A4833 /* ResultOrder */,
			);
			path = Scene;
			sourceTree = "<group>";
		};
		7F9CF9C42B302D10005A4833 /* ResultOrder */ = {
			isa = PBXGroup;
			children = (
				7F9CF9C22B302B86005A4833 /* ResultOrderViewModel.swift */,
				7F9CF9BC2B2F813B005A4833 /* ResultOrderView.swift */,
			);
			path = ResultOrder;
			sourceTree = "<group>";
		};
		7F9CF9C92B306C48005A4833 /* Booking */ = {
			isa = PBXGroup;
			children = (
				7FBCD3922B3361BA00C0D6B2 /* Tourist */,
				7FBCD38C2B334F8B00C0D6B2 /* BookingViewModel.swift */,
				7F9CF9C52B3054AA005A4833 /* BookingView.swift */,
			);
			path = Booking;
			sourceTree = "<group>";
		};
		7F9CF9CA2B30B118005A4833 /* Model */ = {
			isa = PBXGroup;
			children = (
				7F9CF9D92B31903F005A4833 /* HotelModel.swift */,
				7FBCD38E2B33501B00C0D6B2 /* BookingModel.swift */,
				7FBCD3902B33504600C0D6B2 /* ApartmentModel.swift */,
			);
			path = Model;
			sourceTree = "<group>";
		};
		7F9CF9D52B318D62005A4833 /* Hotel */ = {
			isa = PBXGroup;
			children = (
				7F9CF9D72B318FEB005A4833 /* HotelViewModel.swift */,
				7FBCD3842B31F8F000C0D6B2 /* HotelView.swift */,
			);
			path = Hotel;
			sourceTree = "<group>";
		};
		7F9CF9D62B318D70005A4833 /* Apartments */ = {
			isa = PBXGroup;
			children = (
				7FBCD39C2B34226D00C0D6B2 /* Apartment */,
				7FBCD39A2B34226200C0D6B2 /* ApartmentsViewModel.swift */,
				7FBCD3982B34224C00C0D6B2 /* ApartmentsView.swift */,
			);
			path = Apartments;
			sourceTree = "<group>";
		};
		7F9CF9DB2B31919A005A4833 /* Service */ = {
			isa = PBXGroup;
			children = (
				7FBCD3A32B34533300C0D6B2 /* Network */,
			);
			path = Service;
			sourceTree = "<group>";
		};
		7F9CF9DC2B319202005A4833 /* Resources */ = {
			isa = PBXGroup;
			children = (
				7FFA9E972B31CA0C0055E253 /* Generated */,
				7F9CF9DF2B3192B4005A4833 /* Images.xcassets */,
				7F9CF9DD2B319286005A4833 /* Icons.xcassets */,
				7F9CF9AE2B2F73C2005A4833 /* Colors.xcassets */,
				7FFA9E9E2B31CD6F0055E253 /* Localizable.strings */,
				7FBCD3962B336D1600C0D6B2 /* Localizable.stringsdict */,
			);
			path = Resources;
			sourceTree = "<group>";
		};
		7FBCD3922B3361BA00C0D6B2 /* Tourist */ = {
			isa = PBXGroup;
			children = (
				7FBCD38A2B3329E700C0D6B2 /* TouristModel.swift */,
				7F9CF9CB2B30B159005A4833 /* TouristView.swift */,
			);
			path = Tourist;
			sourceTree = "<group>";
		};
		7FBCD39C2B34226D00C0D6B2 /* Apartment */ = {
			isa = PBXGroup;
			children = (
				7FBCD39D2B34228600C0D6B2 /* ApartmentViewModel.swift */,
				7FBCD39F2B34229C00C0D6B2 /* ApartmentView.swift */,
			);
			path = Apartment;
			sourceTree = "<group>";
		};
		7FBCD3A32B34533300C0D6B2 /* Network */ = {
			isa = PBXGroup;
			children = (
				7FBCD3A42B34535300C0D6B2 /* NetworkClient.swift */,
				7FBCD3A62B34537000C0D6B2 /* HotelService.swift */,
				7FBCD3A82B34538400C0D6B2 /* ApartmentService.swift */,
				7FBCD3AA2B34539F00C0D6B2 /* BookingService.swift */,
			);
			path = Network;
			sourceTree = "<group>";
		};
		7FFA9E972B31CA0C0055E253 /* Generated */ = {
			isa = PBXGroup;
			children = (
				7FBCD3812B31D4A000C0D6B2 /* Strings+Generated.swift */,
				7FBCD3802B31D4A000C0D6B2 /* XCAssets+Generated.swift */,
			);
			path = Generated;
			sourceTree = "<group>";
		};
		D7F82B378D47343BECBCDBD5 /* Frameworks */ = {
			isa = PBXGroup;
			children = (
				24BFD944F95BC72DE43E1480 /* Pods_Hotel_test.framework */,
			);
			name = Frameworks;
			sourceTree = "<group>";
		};
/* End PBXGroup section */

/* Begin PBXNativeTarget section */
		7F9CF9A62B2F73C0005A4833 /* Hotel_test */ = {
			isa = PBXNativeTarget;
			buildConfigurationList = 7F9CF9B52B2F73C2005A4833 /* Build configuration list for PBXNativeTarget "Hotel_test" */;
			buildPhases = (
				7A7399D3470CBC2742DC4BF1 /* [CP] Check Pods Manifest.lock */,
				7F9CF9E22B31B6CD005A4833 /* SwiftGen */,
				7F9CF9E12B31A3E9005A4833 /* SwiftLint */,
				7F9CF9A32B2F73C0005A4833 /* Sources */,
				7F9CF9A42B2F73C0005A4833 /* Frameworks */,
				7F9CF9A52B2F73C0005A4833 /* Resources */,
				1A7538537FBE6A53B3A81E21 /* [CP] Embed Pods Frameworks */,
			);
			buildRules = (
			);
			dependencies = (
			);
			name = Hotel_test;
			productName = Hotel_test;
			productReference = 7F9CF9A72B2F73C0005A4833 /* Hotel_test.app */;
			productType = "com.apple.product-type.application";
		};
/* End PBXNativeTarget section */

/* Begin PBXProject section */
		7F9CF99F2B2F73C0005A4833 /* Project object */ = {
			isa = PBXProject;
			attributes = {
				BuildIndependentTargetsInParallel = 1;
				LastSwiftUpdateCheck = 1510;
				LastUpgradeCheck = 1510;
				TargetAttributes = {
					7F9CF9A62B2F73C0005A4833 = {
						CreatedOnToolsVersion = 15.1;
					};
				};
			};
			buildConfigurationList = 7F9CF9A22B2F73C0005A4833 /* Build configuration list for PBXProject "Hotel_test" */;
			compatibilityVersion = "Xcode 14.0";
			developmentRegion = en;
			hasScannedForEncodings = 0;
			knownRegions = (
				en,
				Base,
				ru,
			);
			mainGroup = 7F9CF99E2B2F73C0005A4833;
			productRefGroup = 7F9CF9A82B2F73C0005A4833 /* Products */;
			projectDirPath = "";
			projectRoot = "";
			targets = (
				7F9CF9A62B2F73C0005A4833 /* Hotel_test */,
			);
		};
/* End PBXProject section */

/* Begin PBXResourcesBuildPhase section */
		7F9CF9A52B2F73C0005A4833 /* Resources */ = {
			isa = PBXResourcesBuildPhase;
			buildActionMask = 2147483647;
			files = (
				7F9CF9B22B2F73C2005A4833 /* Preview Assets.xcassets in Resources */,
				7FFA9E9C2B31CD6F0055E253 /* Localizable.strings in Resources */,
				7FFA9E962B31BD550055E253 /* swiftgen.yml in Resources */,
				7F9CF9E02B3192B4005A4833 /* Images.xcassets in Resources */,
				7F9CF9DE2B319286005A4833 /* Icons.xcassets in Resources */,
				7F9CF9AF2B2F73C2005A4833 /* Colors.xcassets in Resources */,
			);
			runOnlyForDeploymentPostprocessing = 0;
		};
/* End PBXResourcesBuildPhase section */

/* Begin PBXShellScriptBuildPhase section */
		1A7538537FBE6A53B3A81E21 /* [CP] Embed Pods Frameworks */ = {
			isa = PBXShellScriptBuildPhase;
			buildActionMask = 2147483647;
			files = (
			);
			inputFileListPaths = (
				"${PODS_ROOT}/Target Support Files/Pods-Hotel_test/Pods-Hotel_test-frameworks-${CONFIGURATION}-input-files.xcfilelist",
			);
			name = "[CP] Embed Pods Frameworks";
			outputFileListPaths = (
				"${PODS_ROOT}/Target Support Files/Pods-Hotel_test/Pods-Hotel_test-frameworks-${CONFIGURATION}-output-files.xcfilelist",
			);
			runOnlyForDeploymentPostprocessing = 0;
			shellPath = /bin/sh;
			shellScript = "\"${PODS_ROOT}/Target Support Files/Pods-Hotel_test/Pods-Hotel_test-frameworks.sh\"\n";
			showEnvVarsInLog = 0;
		};
		7A7399D3470CBC2742DC4BF1 /* [CP] Check Pods Manifest.lock */ = {
			isa = PBXShellScriptBuildPhase;
			buildActionMask = 2147483647;
			files = (
			);
			inputFileListPaths = (
			);
			inputPaths = (
				"${PODS_PODFILE_DIR_PATH}/Podfile.lock",
				"${PODS_ROOT}/Manifest.lock",
			);
			name = "[CP] Check Pods Manifest.lock";
			outputFileListPaths = (
			);
			outputPaths = (
				"$(DERIVED_FILE_DIR)/Pods-Hotel_test-checkManifestLockResult.txt",
			);
			runOnlyForDeploymentPostprocessing = 0;
			shellPath = /bin/sh;
			shellScript = "diff \"${PODS_PODFILE_DIR_PATH}/Podfile.lock\" \"${PODS_ROOT}/Manifest.lock\" > /dev/null\nif [ $? != 0 ] ; then\n    # print error to STDERR\n    echo \"error: The sandbox is not in sync with the Podfile.lock. Run 'pod install' or update your CocoaPods installation.\" >&2\n    exit 1\nfi\n# This output is used by Xcode 'outputs' to avoid re-running this script phase.\necho \"SUCCESS\" > \"${SCRIPT_OUTPUT_FILE_0}\"\n";
			showEnvVarsInLog = 0;
		};
		7F9CF9E12B31A3E9005A4833 /* SwiftLint */ = {
			isa = PBXShellScriptBuildPhase;
			alwaysOutOfDate = 1;
			buildActionMask = 2147483647;
			files = (
			);
			inputFileListPaths = (
			);
			inputPaths = (
			);
			name = SwiftLint;
			outputFileListPaths = (
			);
			outputPaths = (
			);
			runOnlyForDeploymentPostprocessing = 0;
			shellPath = /bin/sh;
			shellScript = "\"${PODS_ROOT}\"/SwiftLint/swiftlint\n";
		};
		7F9CF9E22B31B6CD005A4833 /* SwiftGen */ = {
			isa = PBXShellScriptBuildPhase;
			alwaysOutOfDate = 1;
			buildActionMask = 2147483647;
			files = (
			);
			inputFileListPaths = (
			);
			inputPaths = (
			);
			name = SwiftGen;
			outputFileListPaths = (
			);
			outputPaths = (
			);
			runOnlyForDeploymentPostprocessing = 0;
			shellPath = /bin/sh;
			shellScript = "# Type a script or drag a script file from your workspace to insert its path.\n\"$PODS_ROOT\"/SwiftGen/bin/swiftgen config run --config \"$PROJECT_DIR/$TARGET_NAME/swiftgen.yml\"\n\n";
		};
/* End PBXShellScriptBuildPhase section */

/* Begin PBXSourcesBuildPhase section */
		7F9CF9A32B2F73C0005A4833 /* Sources */ = {
			isa = PBXSourcesBuildPhase;
			buildActionMask = 2147483647;
			files = (
				7F9CF9C62B3054AA005A4833 /* BookingView.swift in Sources */,
				7FBCD3852B31F8F000C0D6B2 /* HotelView.swift in Sources */,
				7FBCD3A92B34538400C0D6B2 /* ApartmentService.swift in Sources */,
				7FBCD3A72B34537000C0D6B2 /* HotelService.swift in Sources */,
				7FBCD3912B33504600C0D6B2 /* ApartmentModel.swift in Sources */,
				7F9CF9DA2B31903F005A4833 /* HotelModel.swift in Sources */,
				7F9CF9CC2B30B159005A4833 /* TouristView.swift in Sources */,
				7FBCD3A22B344E8A00C0D6B2 /* NavigationTitle.swift in Sources */,
				7FBCD3992B34224C00C0D6B2 /* ApartmentsView.swift in Sources */,
				7F9CF9D22B317863005A4833 /* ViewModify.swift in Sources */,
				7F9CF9C32B302B86005A4833 /* ResultOrderViewModel.swift in Sources */,
				7FBCD3AB2B34539F00C0D6B2 /* BookingService.swift in Sources */,
				7FBCD38D2B334F8B00C0D6B2 /* BookingViewModel.swift in Sources */,
				7FBCD3832B31D4A000C0D6B2 /* Strings+Generated.swift in Sources */,
				7FBCD3A52B34535300C0D6B2 /* NetworkClient.swift in Sources */,
				7FBCD3822B31D4A000C0D6B2 /* XCAssets+Generated.swift in Sources */,
				7FBCD3A02B34229C00C0D6B2 /* ApartmentView.swift in Sources */,
				7F9CF9BD2B2F813B005A4833 /* ResultOrderView.swift in Sources */,
				7F9CF9AD2B2F73C0005A4833 /* ContentView.swift in Sources */,
				7FBCD38F2B33501B00C0D6B2 /* BookingModel.swift in Sources */,
				7F9CF9D42B318AE6005A4833 /* ButtonView.swift in Sources */,
				7F9CF9BA2B2F79DF005A4833 /* Font_ext..swift in Sources */,
				7FBCD3892B32255A00C0D6B2 /* TagsView.swift in Sources */,
				7FBCD38B2B3329E700C0D6B2 /* TouristModel.swift in Sources */,
				7FBCD39E2B34228600C0D6B2 /* ApartmentViewModel.swift in Sources */,
				7F9CF9CE2B31758F005A4833 /* TextFieldModify.swift in Sources */,
				7F9CF9AB2B2F73C0005A4833 /* HotelTestApp.swift in Sources */,
				7FBCD3872B31FC4E00C0D6B2 /* Foundation_ext..swift in Sources */,
				7F9CF9C82B305A52005A4833 /* RatingView.swift in Sources */,
				7F9CF9D82B318FEB005A4833 /* HotelViewModel.swift in Sources */,
				7FBCD39B2B34226200C0D6B2 /* ApartmentsViewModel.swift in Sources */,
			);
			runOnlyForDeploymentPostprocessing = 0;
		};
/* End PBXSourcesBuildPhase section */

/* Begin PBXVariantGroup section */
		7FBCD3962B336D1600C0D6B2 /* Localizable.stringsdict */ = {
			isa = PBXVariantGroup;
			children = (
				7FBCD3952B336D1600C0D6B2 /* ru */,
				7FBCD3972B33718400C0D6B2 /* en */,
			);
			name = Localizable.stringsdict;
			path = "/Users/aleksandrkudrasov/Desktop/Swift lessons/for work/Hotel_test/Hotel_test/Resources";
			sourceTree = "<absolute>";
		};
		7FFA9E9E2B31CD6F0055E253 /* Localizable.strings */ = {
			isa = PBXVariantGroup;
			children = (
				7FFA9EA12B31CEC80055E253 /* ru */,
			);
			name = Localizable.strings;
			sourceTree = "<group>";
		};
/* End PBXVariantGroup section */

/* Begin XCBuildConfiguration section */
		7F9CF9B32B2F73C2005A4833 /* Debug */ = {
			isa = XCBuildConfiguration;
			buildSettings = {
				ALWAYS_EMBED_SWIFT_STANDARD_LIBRARIES = "$(inherited)";
				ALWAYS_SEARCH_USER_PATHS = NO;
				ASSETCATALOG_COMPILER_GENERATE_SWIFT_ASSET_SYMBOL_EXTENSIONS = YES;
				CLANG_ANALYZER_LOCALIZABILITY_NONLOCALIZED = YES;
				CLANG_ANALYZER_NONNULL = YES;
				CLANG_ANALYZER_NUMBER_OBJECT_CONVERSION = YES_AGGRESSIVE;
				CLANG_CXX_LANGUAGE_STANDARD = "gnu++20";
				CLANG_ENABLE_MODULES = YES;
				CLANG_ENABLE_OBJC_ARC = YES;
				CLANG_ENABLE_OBJC_WEAK = YES;
				CLANG_WARN_BLOCK_CAPTURE_AUTORELEASING = YES;
				CLANG_WARN_BOOL_CONVERSION = YES;
				CLANG_WARN_COMMA = YES;
				CLANG_WARN_CONSTANT_CONVERSION = YES;
				CLANG_WARN_DEPRECATED_OBJC_IMPLEMENTATIONS = YES;
				CLANG_WARN_DIRECT_OBJC_ISA_USAGE = YES_ERROR;
				CLANG_WARN_DOCUMENTATION_COMMENTS = YES;
				CLANG_WARN_EMPTY_BODY = YES;
				CLANG_WARN_ENUM_CONVERSION = YES;
				CLANG_WARN_INFINITE_RECURSION = YES;
				CLANG_WARN_INT_CONVERSION = YES;
				CLANG_WARN_NON_LITERAL_NULL_CONVERSION = YES;
				CLANG_WARN_OBJC_IMPLICIT_RETAIN_SELF = YES;
				CLANG_WARN_OBJC_LITERAL_CONVERSION = YES;
				CLANG_WARN_OBJC_ROOT_CLASS = YES_ERROR;
				CLANG_WARN_QUOTED_INCLUDE_IN_FRAMEWORK_HEADER = YES;
				CLANG_WARN_RANGE_LOOP_ANALYSIS = YES;
				CLANG_WARN_STRICT_PROTOTYPES = YES;
				CLANG_WARN_SUSPICIOUS_MOVE = YES;
				CLANG_WARN_UNGUARDED_AVAILABILITY = YES_AGGRESSIVE;
				CLANG_WARN_UNREACHABLE_CODE = YES;
				CLANG_WARN__DUPLICATE_METHOD_MATCH = YES;
				COPY_PHASE_STRIP = NO;
				DEBUG_INFORMATION_FORMAT = dwarf;
				ENABLE_STRICT_OBJC_MSGSEND = YES;
				ENABLE_TESTABILITY = YES;
				ENABLE_USER_SCRIPT_SANDBOXING = NO;
				GCC_C_LANGUAGE_STANDARD = gnu17;
				GCC_DYNAMIC_NO_PIC = NO;
				GCC_NO_COMMON_BLOCKS = YES;
				GCC_OPTIMIZATION_LEVEL = 0;
				GCC_PREPROCESSOR_DEFINITIONS = (
					"DEBUG=1",
					"$(inherited)",
				);
				GCC_WARN_64_TO_32_BIT_CONVERSION = YES;
				GCC_WARN_ABOUT_RETURN_TYPE = YES_ERROR;
				GCC_WARN_UNDECLARED_SELECTOR = YES;
				GCC_WARN_UNINITIALIZED_AUTOS = YES_AGGRESSIVE;
				GCC_WARN_UNUSED_FUNCTION = YES;
				GCC_WARN_UNUSED_VARIABLE = YES;
				IPHONEOS_DEPLOYMENT_TARGET = 17.2;
				LOCALIZATION_PREFERS_STRING_CATALOGS = YES;
				MTL_ENABLE_DEBUG_INFO = INCLUDE_SOURCE;
				MTL_FAST_MATH = YES;
				ONLY_ACTIVE_ARCH = YES;
				SDKROOT = iphoneos;
				SWIFT_ACTIVE_COMPILATION_CONDITIONS = "DEBUG $(inherited)";
				SWIFT_OPTIMIZATION_LEVEL = "-Onone";
			};
			name = Debug;
		};
		7F9CF9B42B2F73C2005A4833 /* Release */ = {
			isa = XCBuildConfiguration;
			buildSettings = {
				ALWAYS_EMBED_SWIFT_STANDARD_LIBRARIES = "$(inherited)";
				ALWAYS_SEARCH_USER_PATHS = NO;
				ASSETCATALOG_COMPILER_GENERATE_SWIFT_ASSET_SYMBOL_EXTENSIONS = YES;
				CLANG_ANALYZER_LOCALIZABILITY_NONLOCALIZED = YES;
				CLANG_ANALYZER_NONNULL = YES;
				CLANG_ANALYZER_NUMBER_OBJECT_CONVERSION = YES_AGGRESSIVE;
				CLANG_CXX_LANGUAGE_STANDARD = "gnu++20";
				CLANG_ENABLE_MODULES = YES;
				CLANG_ENABLE_OBJC_ARC = YES;
				CLANG_ENABLE_OBJC_WEAK = YES;
				CLANG_WARN_BLOCK_CAPTURE_AUTORELEASING = YES;
				CLANG_WARN_BOOL_CONVERSION = YES;
				CLANG_WARN_COMMA = YES;
				CLANG_WARN_CONSTANT_CONVERSION = YES;
				CLANG_WARN_DEPRECATED_OBJC_IMPLEMENTATIONS = YES;
				CLANG_WARN_DIRECT_OBJC_ISA_USAGE = YES_ERROR;
				CLANG_WARN_DOCUMENTATION_COMMENTS = YES;
				CLANG_WARN_EMPTY_BODY = YES;
				CLANG_WARN_ENUM_CONVERSION = YES;
				CLANG_WARN_INFINITE_RECURSION = YES;
				CLANG_WARN_INT_CONVERSION = YES;
				CLANG_WARN_NON_LITERAL_NULL_CONVERSION = YES;
				CLANG_WARN_OBJC_IMPLICIT_RETAIN_SELF = YES;
				CLANG_WARN_OBJC_LITERAL_CONVERSION = YES;
				CLANG_WARN_OBJC_ROOT_CLASS = YES_ERROR;
				CLANG_WARN_QUOTED_INCLUDE_IN_FRAMEWORK_HEADER = YES;
				CLANG_WARN_RANGE_LOOP_ANALYSIS = YES;
				CLANG_WARN_STRICT_PROTOTYPES = YES;
				CLANG_WARN_SUSPICIOUS_MOVE = YES;
				CLANG_WARN_UNGUARDED_AVAILABILITY = YES_AGGRESSIVE;
				CLANG_WARN_UNREACHABLE_CODE = YES;
				CLANG_WARN__DUPLICATE_METHOD_MATCH = YES;
				COPY_PHASE_STRIP = NO;
				DEBUG_INFORMATION_FORMAT = "dwarf-with-dsym";
				ENABLE_NS_ASSERTIONS = NO;
				ENABLE_STRICT_OBJC_MSGSEND = YES;
				ENABLE_USER_SCRIPT_SANDBOXING = NO;
				GCC_C_LANGUAGE_STANDARD = gnu17;
				GCC_NO_COMMON_BLOCKS = YES;
				GCC_WARN_64_TO_32_BIT_CONVERSION = YES;
				GCC_WARN_ABOUT_RETURN_TYPE = YES_ERROR;
				GCC_WARN_UNDECLARED_SELECTOR = YES;
				GCC_WARN_UNINITIALIZED_AUTOS = YES_AGGRESSIVE;
				GCC_WARN_UNUSED_FUNCTION = YES;
				GCC_WARN_UNUSED_VARIABLE = YES;
				IPHONEOS_DEPLOYMENT_TARGET = 17.2;
				LOCALIZATION_PREFERS_STRING_CATALOGS = YES;
				MTL_ENABLE_DEBUG_INFO = NO;
				MTL_FAST_MATH = YES;
				SDKROOT = iphoneos;
				SWIFT_COMPILATION_MODE = wholemodule;
				VALIDATE_PRODUCT = YES;
			};
			name = Release;
		};
		7F9CF9B62B2F73C2005A4833 /* Debug */ = {
			isa = XCBuildConfiguration;
			baseConfigurationReference = E6F162BC69E9F51F2AAB82E4 /* Pods-Hotel_test.debug.xcconfig */;
			buildSettings = {
				ALWAYS_EMBED_SWIFT_STANDARD_LIBRARIES = "$(inherited)";
				ASSETCATALOG_COMPILER_APPICON_NAME = AppIcon;
				ASSETCATALOG_COMPILER_GLOBAL_ACCENT_COLOR_NAME = AccentColor;
				CODE_SIGN_STYLE = Automatic;
				CURRENT_PROJECT_VERSION = 1;
				DEVELOPMENT_ASSET_PATHS = "\"Hotel_test/Preview Content\"";
				DEVELOPMENT_TEAM = Y27NXSCDUZ;
				ENABLE_PREVIEWS = YES;
				GENERATE_INFOPLIST_FILE = YES;
				INFOPLIST_KEY_UIApplicationSceneManifest_Generation = YES;
				INFOPLIST_KEY_UIApplicationSupportsIndirectInputEvents = YES;
				INFOPLIST_KEY_UILaunchScreen_Generation = YES;
				INFOPLIST_KEY_UISupportedInterfaceOrientations_iPad = "UIInterfaceOrientationPortrait UIInterfaceOrientationPortraitUpsideDown UIInterfaceOrientationLandscapeLeft UIInterfaceOrientationLandscapeRight";
				INFOPLIST_KEY_UISupportedInterfaceOrientations_iPhone = "UIInterfaceOrientationPortrait UIInterfaceOrientationLandscapeLeft UIInterfaceOrientationLandscapeRight";
				IPHONEOS_DEPLOYMENT_TARGET = 15.0;
				LD_RUNPATH_SEARCH_PATHS = (
					"$(inherited)",
					"@executable_path/Frameworks",
				);
				MARKETING_VERSION = 1.0;
				PRODUCT_BUNDLE_IDENTIFIER = "ru.alexander.kudryashov.Hotel-test";
				PRODUCT_NAME = "$(TARGET_NAME)";
				SWIFT_EMIT_LOC_STRINGS = YES;
				SWIFT_VERSION = 5.0;
				TARGETED_DEVICE_FAMILY = "1,2";
			};
			name = Debug;
		};
		7F9CF9B72B2F73C2005A4833 /* Release */ = {
			isa = XCBuildConfiguration;
			baseConfigurationReference = 55DB0314DB124131BFFA23E9 /* Pods-Hotel_test.release.xcconfig */;
			buildSettings = {
				ALWAYS_EMBED_SWIFT_STANDARD_LIBRARIES = "$(inherited)";
				ASSETCATALOG_COMPILER_APPICON_NAME = AppIcon;
				ASSETCATALOG_COMPILER_GLOBAL_ACCENT_COLOR_NAME = AccentColor;
				CODE_SIGN_STYLE = Automatic;
				CURRENT_PROJECT_VERSION = 1;
				DEVELOPMENT_ASSET_PATHS = "\"Hotel_test/Preview Content\"";
				DEVELOPMENT_TEAM = Y27NXSCDUZ;
				ENABLE_PREVIEWS = YES;
				GENERATE_INFOPLIST_FILE = YES;
				INFOPLIST_KEY_UIApplicationSceneManifest_Generation = YES;
				INFOPLIST_KEY_UIApplicationSupportsIndirectInputEvents = YES;
				INFOPLIST_KEY_UILaunchScreen_Generation = YES;
				INFOPLIST_KEY_UISupportedInterfaceOrientations_iPad = "UIInterfaceOrientationPortrait UIInterfaceOrientationPortraitUpsideDown UIInterfaceOrientationLandscapeLeft UIInterfaceOrientationLandscapeRight";
				INFOPLIST_KEY_UISupportedInterfaceOrientations_iPhone = "UIInterfaceOrientationPortrait UIInterfaceOrientationLandscapeLeft UIInterfaceOrientationLandscapeRight";
				IPHONEOS_DEPLOYMENT_TARGET = 15.0;
				LD_RUNPATH_SEARCH_PATHS = (
					"$(inherited)",
					"@executable_path/Frameworks",
				);
				MARKETING_VERSION = 1.0;
				PRODUCT_BUNDLE_IDENTIFIER = "ru.alexander.kudryashov.Hotel-test";
				PRODUCT_NAME = "$(TARGET_NAME)";
				SWIFT_EMIT_LOC_STRINGS = YES;
				SWIFT_VERSION = 5.0;
				TARGETED_DEVICE_FAMILY = "1,2";
			};
			name = Release;
		};
/* End XCBuildConfiguration section */

/* Begin XCConfigurationList section */
		7F9CF9A22B2F73C0005A4833 /* Build configuration list for PBXProject "Hotel_test" */ = {
			isa = XCConfigurationList;
			buildConfigurations = (
				7F9CF9B32B2F73C2005A4833 /* Debug */,
				7F9CF9B42B2F73C2005A4833 /* Release */,
			);
			defaultConfigurationIsVisible = 0;
			defaultConfigurationName = Release;
		};
		7F9CF9B52B2F73C2005A4833 /* Build configuration list for PBXNativeTarget "Hotel_test" */ = {
			isa = XCConfigurationList;
			buildConfigurations = (
				7F9CF9B62B2F73C2005A4833 /* Debug */,
				7F9CF9B72B2F73C2005A4833 /* Release */,
			);
			defaultConfigurationIsVisible = 0;
			defaultConfigurationName = Release;
		};
/* End XCConfigurationList section */
	};
	rootObject = 7F9CF99F2B2F73C0005A4833 /* Project object */;
}
